
Microsoft Visual Studio Solution File, Format Version 12.00
# Visual Studio Version 17
VisualStudioVersion = 17.7.34221.43
MinimumVisualStudioVersion = 10.0.40219.1
Project("{FAE04EC0-301F-11D3-BF4B-00C04F79EFBC}") = "sayınınyuzde18inialma-1575", "sayınınyuzde18inialma-1575\sayınınyuzde18inialma-1575.csproj", "{29343A19-96EC-4A10-AB18-BC490E447A2C}"
EndProject
Global
	GlobalSection(SolutionConfigurationPlatforms) = preSolution
		Debug|Any CPU = Debug|Any CPU
		Release|Any CPU = Release|Any CPU
	EndGlobalSection
	GlobalSection(ProjectConfigurationPlatforms) = postSolution
		{29343A19-96EC-4A10-AB18-BC490E447A2C}.Debug|Any CPU.ActiveCfg = Debug|Any CPU
		{29343A19-96EC-4A10-AB18-BC490E447A2C}.Debug|Any CPU.Build.0 = Debug|Any CPU
		{29343A19-96EC-4A10-AB18-BC490E447A2C}.Release|Any CPU.ActiveCfg = Release|Any CPU
		{29343A19-96EC-4A10-AB18-BC490E447A2C}.Release|Any CPU.Build.0 = Release|Any CPU
	EndGlobalSection
	GlobalSection(SolutionProperties) = preSolution
		HideSolutionNode = FALSE
	EndGlobalSection
	GlobalSection(ExtensibilityGlobals) = postSolution
		SolutionGuid = {47544460-DB8C-4F55-A2BE-28E978810E4F}
	EndGlobalSection
EndGlobal
